# @generated by Move, please check-in and do not edit manually.

[move]
version = 3
manifest_digest = "A868E926BA8101A2D046231171C2BD0DB551A31B660B2594BBCA80E0DCAEEAFF"
deps_digest = "3C4103934B1E040BB6B23F1D610B4EF9F2F1166A50A104EADCF77467C004C600"
dependencies = [
  { id = "Sui", name = "Sui" },
  { id = "enclave", name = "enclave" },
]

[[move.package]]
id = "MoveStdlib"
source = { git = "https://github.com/MystenLabs/sui.git", rev = "framework/testnet", subdir = "crates/sui-framework/packages/move-stdlib" }

[[move.package]]
id = "Sui"
source = { git = "https://github.com/MystenLabs/sui.git", rev = "framework/testnet", subdir = "crates/sui-framework/packages/sui-framework" }

dependencies = [
  { id = "MoveStdlib", name = "MoveStdlib" },
]

[[move.package]]
id = "enclave"
source = { local = "../enclave" }

dependencies = [
  { id = "Sui", name = "Sui" },
]

[move.toolchain-version]
compiler-version = "1.46.1"
edition = "2024.beta"
flavor = "sui"

[env]

[env.devnet]
chain-id = "c2bef0b2"
original-published-id = "0x73736a90ab670cc6f6e6b37c173059dbe5973cd425865195c1be41d6fcaf5c43"
latest-published-id = "0x73736a90ab670cc6f6e6b37c173059dbe5973cd425865195c1be41d6fcaf5c43"
published-version = "1"

[env.testnet]
chain-id = "4c78adac"
original-published-id = "0xcb34b74ec1a935493f7117f4f09b6f882d91cea0a7e3e1644ca0240cb24e4dc1"
latest-published-id = "0xcb34b74ec1a935493f7117f4f09b6f882d91cea0a7e3e1644ca0240cb24e4dc1"
published-version = "1"
